<?xml version="1.0" encoding="utf-8"?>
<Project ToolsVersion="4.0" xmlns="http://schemas.microsoft.com/developer/msbuild/2003">
  <ItemGroup>
    <Filter Include="Source Files">
      <UniqueIdentifier>{4FC737F1-C7A5-4376-A066-2A32D752A2FF}</UniqueIdentifier>
      <Extensions>cpp;c;cc;cxx;c++;cppm;ixx;def;odl;idl;hpj;bat;asm;asmx</Extensions>
    </Filter>
    <Filter Include="Header Files">
      <UniqueIdentifier>{93995380-89BD-4b04-88EB-625FBE52EBFB}</UniqueIdentifier>
      <Extensions>h;hh;hpp;hxx;h++;hm;inl;inc;ipp;xsd</Extensions>
    </Filter>
    <Filter Include="Resource Files">
      <UniqueIdentifier>{67DA6AB6-F800-4c08-8B7A-83BB121AAD01}</UniqueIdentifier>
      <Extensions>rc;ico;cur;bmp;dlg;rc2;rct;bin;rgs;gif;jpg;jpeg;jpe;resx;tiff;tif;png;wav;mfcribbon-ms</Extensions>
    </Filter>
  </ItemGroup>
  <ItemGroup>
    <ClCompile Include="Source.cpp">
      <Filter>Source Files</Filter>
    </ClCompile>
    <ClCompile Include="getTableColumns.cpp">
      <Filter>Source Files</Filter>
    </ClCompile>
    <ClCompile Include="GetTables.cpp">
      <Filter>Source Files</Filter>
    </ClCompile>
    <ClCompile Include="MoveBlock.cpp">
      <Filter>Source Files</Filter>
    </ClCompile>
    <ClCompile Include="GetRowsNum.cpp">
      <Filter>Source Files</Filter>
    </ClCompile>
    <ClCompile Include="ClearLeft.cpp">
      <Filter>Source Files</Filter>
    </ClCompile>
    <ClCompile Include="Get_titles.cpp">
      <Filter>Source Files</Filter>
    </ClCompile>
    <ClCompile Include="Query_result.cpp">
      <Filter>Source Files</Filter>
    </ClCompile>
    <ClCompile Include="GetRows.cpp">
      <Filter>Source Files</Filter>
    </ClCompile>
    <ClCompile Include="ClearTables.cpp">
      <Filter>Source Files</Filter>
    </ClCompile>
    <ClCompile Include="ClearRow.cpp">
      <Filter>Source Files</Filter>
    </ClCompile>
    <ClCompile Include="CreateNewClass.cpp">
      <Filter>Source Files</Filter>
    </ClCompile>
    <ClCompile Include="SoftWareMainProcedure.cpp">
      <Filter>Source Files</Filter>
    </ClCompile>
    <ClCompile Include="PopulateDBList.cpp">
      <Filter>Source Files</Filter>
    </ClCompile>
    <ClCompile Include="EditBasesStruct.cpp">
      <Filter>Source Files</Filter>
    </ClCompile>
    <ClCompile Include="LeftPanelProcedure.cpp">
      <Filter>Source Files</Filter>
    </ClCompile>
    <ClCompile Include="RightPanelProcedure.cpp">
      <Filter>Source Files</Filter>
    </ClCompile>
    <ClCompile Include="CustomClassProcedure.cpp">
      <Filter>Source Files</Filter>
    </ClCompile>
    <ClCompile Include="QueryManageProcedure.cpp">
      <Filter>Source Files</Filter>
    </ClCompile>
    <ClCompile Include="SuccesWindowProcedure.cpp">
      <Filter>Source Files</Filter>
    </ClCompile>
    <ClCompile Include="DbManagementProcedure.cpp">
      <Filter>Source Files</Filter>
    </ClCompile>
  </ItemGroup>
  <ItemGroup>
    <ClInclude Include="Definitions.h">
      <Filter>Header Files</Filter>
    </ClInclude>
    <ClInclude Include="resource1.h">
      <Filter>Header Files</Filter>
    </ClInclude>
    <ClInclude Include="getTableColumns.h">
      <Filter>Header Files</Filter>
    </ClInclude>
    <ClInclude Include="GetTables.h">
      <Filter>Header Files</Filter>
    </ClInclude>
    <ClInclude Include="MoveBlock.h">
      <Filter>Header Files</Filter>
    </ClInclude>
    <ClInclude Include="GetRowsNum.h">
      <Filter>Header Files</Filter>
    </ClInclude>
    <ClInclude Include="ClearLeft.h">
      <Filter>Header Files</Filter>
    </ClInclude>
    <ClInclude Include="Get_titles.h">
      <Filter>Header Files</Filter>
    </ClInclude>
    <ClInclude Include="Query_result.h">
      <Filter>Header Files</Filter>
    </ClInclude>
    <ClInclude Include="GetRows.h">
      <Filter>Header Files</Filter>
    </ClInclude>
    <ClInclude Include="ClearTables.h">
      <Filter>Header Files</Filter>
    </ClInclude>
    <ClInclude Include="ClearRow.h">
      <Filter>Header Files</Filter>
    </ClInclude>
    <ClInclude Include="CreateNewClass.h">
      <Filter>Header Files</Filter>
    </ClInclude>
    <ClInclude Include="SoftWareMainProcedure.h">
      <Filter>Header Files</Filter>
    </ClInclude>
    <ClInclude Include="PopulateDBList.h">
      <Filter>Header Files</Filter>
    </ClInclude>
    <ClInclude Include="EditBasesStruct.h">
      <Filter>Header Files</Filter>
    </ClInclude>
    <ClInclude Include="LeftPanelProcedure.h">
      <Filter>Header Files</Filter>
    </ClInclude>
    <ClInclude Include="RightPanelProcedure.h">
      <Filter>Header Files</Filter>
    </ClInclude>
    <ClInclude Include="CustomClassProcedure.h">
      <Filter>Header Files</Filter>
    </ClInclude>
    <ClInclude Include="QueryManageProcedure.h">
      <Filter>Header Files</Filter>
    </ClInclude>
    <ClInclude Include="SuccesWindowProcedure.h">
      <Filter>Header Files</Filter>
    </ClInclude>
    <ClInclude Include="DbManagementProcedure.h">
      <Filter>Header Files</Filter>
    </ClInclude>
  </ItemGroup>
  <ItemGroup>
    <ResourceCompile Include="kursova_spz5.rc">
      <Filter>Resource Files</Filter>
    </ResourceCompile>
  </ItemGroup>
  <ItemGroup>
    <Image Include="png\main_logo.ico">
      <Filter>Resource Files</Filter>
    </Image>
  </ItemGroup>
</Project>